
Microsoft Visual Studio Solution File, Format Version 12.00
# Visual Studio Version 17
VisualStudioVersion = 17.9.34714.143
MinimumVisualStudioVersion = 10.0.40219.1
Project("{FAE04EC0-301F-11D3-BF4B-00C04F79EFBC}") = "AppCrud", "AppCrud\AppCrud.csproj", "{A51E401A-816E-43F5-B423-66B299F37ADA}"
EndProject
Global
	GlobalSection(SolutionConfigurationPlatforms) = preSolution
		Debug|Any CPU = Debug|Any CPU
		Release|Any CPU = Release|Any CPU
	EndGlobalSection
	GlobalSection(ProjectConfigurationPlatforms) = postSolution
		{A51E401A-816E-43F5-B423-66B299F37ADA}.Debug|Any CPU.ActiveCfg = Debug|Any CPU
		{A51E401A-816E-43F5-B423-66B299F37ADA}.Debug|Any CPU.Build.0 = Debug|Any CPU
		{A51E401A-816E-43F5-B423-66B299F37ADA}.Release|Any CPU.ActiveCfg = Release|Any CPU
		{A51E401A-816E-43F5-B423-66B299F37ADA}.Release|Any CPU.Build.0 = Release|Any CPU
	EndGlobalSection
	GlobalSection(SolutionProperties) = preSolution
		HideSolutionNode = FALSE
	EndGlobalSection
	GlobalSection(ExtensibilityGlobals) = postSolution
		SolutionGuid = {94D779A3-D66B-4B5A-8FB7-D27556A17C59}
	EndGlobalSection
EndGlobal
